// !$*UTF8*$!
{
	archiveVersion = 1;
	classes = {
	};
	objectVersion = 50;
	objects = {

/* Begin PBXBuildFile section */
		179528FE26784D6700F3A843 /* AppDelegate.swift in Sources */ = {isa = PBXBuildFile; fileRef = 179528FD26784D6700F3A843 /* AppDelegate.swift */; };
		1795290026784D6700F3A843 /* SceneDelegate.swift in Sources */ = {isa = PBXBuildFile; fileRef = 179528FF26784D6700F3A843 /* SceneDelegate.swift */; };
		1795290226784D6700F3A843 /* ViewController.swift in Sources */ = {isa = PBXBuildFile; fileRef = 1795290126784D6700F3A843 /* ViewController.swift */; };
		1795290526784D6700F3A843 /* Main.storyboard in Resources */ = {isa = PBXBuildFile; fileRef = 1795290326784D6700F3A843 /* Main.storyboard */; };
		1795290726784D6800F3A843 /* Assets.xcassets in Resources */ = {isa = PBXBuildFile; fileRef = 1795290626784D6800F3A843 /* Assets.xcassets */; };
		1795290A26784D6800F3A843 /* LaunchScreen.storyboard in Resources */ = {isa = PBXBuildFile; fileRef = 1795290826784D6800F3A843 /* LaunchScreen.storyboard */; };
		1795291326784F1600F3A843 /* MotionKit.swift in Sources */ = {isa = PBXBuildFile; fileRef = 1795291226784F1600F3A843 /* MotionKit.swift */; };
/* End PBXBuildFile section */

/* Begin PBXFileReference section */
		179528FA26784D6700F3A843 /* MotionView.app */ = {isa = PBXFileReference; explicitFileType = wrapper.application; includeInIndex = 0; path = MotionView.app; sourceTree = BUILT_PRODUCTS_DIR; };
		179528FD26784D6700F3A843 /* AppDelegate.swift */ = {isa = PBXFileReference; lastKnownFileType = sourcecode.swift; path = AppDelegate.swift; sourceTree = "<group>"; };
		179528FF26784D6700F3A843 /* SceneDelegate.swift */ = {isa = PBXFileReference; lastKnownFileType = sourcecode.swift; path = SceneDelegate.swift; sourceTree = "<group>"; };
		1795290126784D6700F3A843 /* ViewController.swift */ = {isa = PBXFileReference; lastKnownFileType = sourcecode.swift; path = ViewController.swift; sourceTree = "<group>"; };
		1795290426784D6700F3A843 /* Base */ = {isa = PBXFileReference; lastKnownFileType = file.storyboard; name = Base; path = Base.lproj/Main.storyboard; sourceTree = "<group>"; };
		1795290626784D6800F3A843 /* Assets.xcassets */ = {isa = PBXFileReference; lastKnownFileType = folder.assetcatalog; path = Assets.xcassets; sourceTree = "<group>"; };
		1795290926784D6800F3A843 /* Base */ = {isa = PBXFileReference; lastKnownFileType = file.storyboard; name = Base; path = Base.lproj/LaunchScreen.storyboard; sourceTree = "<group>"; };
		1795290B26784D6800F3A843 /* Info.plist */ = {isa = PBXFileReference; lastKnownFileType = text.plist.xml; path = Info.plist; sourceTree = "<group>"; };
		1795291226784F1600F3A843 /* MotionKit.swift */ = {isa = PBXFileReference; fileEncoding = 4; lastKnownFileType = sourcecode.swift; path = MotionKit.swift; sourceTree = "<group>"; };
/* End PBXFileReference section */

/* Begin PBXFrameworksBuildPhase section */
		179528F726784D6700F3A843 /* Frameworks */ = {
			isa = PBXFrameworksBuildPhase;
			buildActionMask = 2147483647;
			files = (
			);
			runOnlyForDeploymentPostprocessing = 0;
		};
/* End PBXFrameworksBuildPhase section */

/* Begin PBXGroup section */
		179528F126784D6700F3A843 = {
			isa = PBXGroup;
			children = (
				179528FC26784D6700F3A843 /* MotionView */,
				179528FB26784D6700F3A843 /* Products */,
			);
			sourceTree = "<group>";
		};
		179528FB26784D6700F3A843 /* Products */ = {
			isa = PBXGroup;
			children = (
				179528FA26784D6700F3A843 /* MotionView.app */,
			);
			name = Products;
			sourceTree = "<group>";
		};
		179528FC26784D6700F3A843 /* MotionView */ = {
			isa = PBXGroup;
			children = (
				1795291126784F1600F3A843 /* MotionKit */,
				179528FD26784D6700F3A843 /* AppDelegate.swift */,
				179528FF26784D6700F3A843 /* SceneDelegate.swift */,
				1795290126784D6700F3A843 /* ViewController.swift */,
				1795290326784D6700F3A843 /* Main.storyboard */,
				1795290626784D6800F3A843 /* Assets.xcassets */,
				1795290826784D6800F3A843 /* LaunchScreen.storyboard */,
				1795290B26784D6800F3A843 /* Info.plist */,
			);
			path = MotionView;
			sourceTree = "<group>";
		};
		1795291126784F1600F3A843 /* MotionKit */ = {
			isa = PBXGroup;
			children = (
				1795291226784F1600F3A843 /* MotionKit.swift */,
			);
			path = MotionKit;
			sourceTree = "<group>";
		};
/* End PBXGroup section */

/* Begin PBXNativeTarget section */
		179528F926784D6700F3A843 /* MotionView */ = {
			isa = PBXNativeTarget;
			buildConfigurationList = 1795290E26784D6800F3A843 /* Build configuration list for PBXNativeTarget "MotionView" */;
			buildPhases = (
				179528F626784D6700F3A843 /* Sources */,
				179528F726784D6700F3A843 /* Frameworks */,
				179528F826784D6700F3A843 /* Resources */,
			);
			buildRules = (
			);
			dependencies = (
			);
			name = MotionView;
			productName = MotionView;
			productReference = 179528FA26784D6700F3A843 /* MotionView.app */;
			productType = "com.apple.product-type.application";
		};
/* End PBXNativeTarget section */

/* Begin PBXProject section */
		179528F226784D6700F3A843 /* Project object */ = {
			isa = PBXProject;
			attributes = {
				LastSwiftUpdateCheck = 1250;
				LastUpgradeCheck = 1250;
				TargetAttributes = {
					179528F926784D6700F3A843 = {
						CreatedOnToolsVersion = 12.5;
					};
				};
			};
			buildConfigurationList = 179528F526784D6700F3A843 /* Build configuration list for PBXProject "MotionView" */;
			compatibilityVersion = "Xcode 9.3";
			developmentRegion = en;
			hasScannedForEncodings = 0;
			knownRegions = (
				en,
				Base,
			);
			mainGroup = 179528F126784D6700F3A843;
			productRefGroup = 179528FB26784D6700F3A843 /* Products */;
			projectDirPath = "";
			projectRoot = "";
			targets = (
				179528F926784D6700F3A843 /* MotionView */,
			);
		};
/* End PBXProject section */

/* Begin PBXResourcesBuildPhase section */
		179528F826784D6700F3A843 /* Resources */ = {
			isa = PBXResourcesBuildPhase;
			buildActionMask = 2147483647;
			files = (
				1795290A26784D6800F3A843 /* LaunchScreen.storyboard in Resources */,
				1795290726784D6800F3A843 /* Assets.xcassets in Resources */,
				1795290526784D6700F3A843 /* Main.storyboard in Resources */,
			);
			runOnlyForDeploymentPostprocessing = 0;
		};
/* End PBXResourcesBuildPhase section */

/* Begin PBXSourcesBuildPhase section */
		179528F626784D6700F3A843 /* Sources */ = {
			isa = PBXSourcesBuildPhase;
			buildActionMask = 2147483647;
			files = (
				1795291326784F1600F3A843 /* MotionKit.swift in Sources */,
				1795290226784D6700F3A843 /* ViewController.swift in Sources */,
				179528FE26784D6700F3A843 /* AppDelegate.swift in Sources */,
				1795290026784D6700F3A843 /* SceneDelegate.swift in Sources */,
			);
			runOnlyForDeploymentPostprocessing = 0;
		};
/* End PBXSourcesBuildPhase section */

/* Begin PBXVariantGroup section */
		1795290326784D6700F3A843 /* Main.storyboard */ = {
			isa = PBXVariantGroup;
			children = (
				1795290426784D6700F3A843 /* Base */,
			);
			name = Main.storyboard;
			sourceTree = "<group>";
		};
		1795290826784D6800F3A843 /* LaunchScreen.storyboard */ = {
			isa = PBXVariantGroup;
			children = (
				1795290926784D6800F3A843 /* Base */,
			);
			name = LaunchScreen.storyboard;
			sourceTree = "<group>";
		};
/* End PBXVariantGroup section */

/* Begin XCBuildConfiguration section */
		1795290C26784D6800F3A843 /* Debug */ = {
			isa = XCBuildConfiguration;
			buildSettings = {
				ALWAYS_SEARCH_USER_PATHS = NO;
				CLANG_ANALYZER_NONNULL = YES;
				CLANG_ANALYZER_NUMBER_OBJECT_CONVERSION = YES_AGGRESSIVE;
				CLANG_CXX_LANGUAGE_STANDARD = "gnu++14";
				CLANG_CXX_LIBRARY = "libc++";
				CLANG_ENABLE_MODULES = YES;
				CLANG_ENABLE_OBJC_ARC = YES;
				CLANG_ENABLE_OBJC_WEAK = YES;
				CLANG_WARN_BLOCK_CAPTURE_AUTORELEASING = YES;
				CLANG_WARN_BOOL_CONVERSION = YES;
				CLANG_WARN_COMMA = YES;
				CLANG_WARN_CONSTANT_CONVERSION = YES;
				CLANG_WARN_DEPRECATED_OBJC_IMPLEMENTATIONS = YES;
				CLANG_WARN_DIRECT_OBJC_ISA_USAGE = YES_ERROR;
				CLANG_WARN_DOCUMENTATION_COMMENTS = YES;
				CLANG_WARN_EMPTY_BODY = YES;
				CLANG_WARN_ENUM_CONVERSION = YES;
				CLANG_WARN_INFINITE_RECURSION = YES;
				CLANG_WARN_INT_CONVERSION = YES;
				CLANG_WARN_NON_LITERAL_NULL_CONVERSION = YES;
				CLANG_WARN_OBJC_IMPLICIT_RETAIN_SELF = YES;
				CLANG_WARN_OBJC_LITERAL_CONVERSION = YES;
				CLANG_WARN_OBJC_ROOT_CLASS = YES_ERROR;
				CLANG_WARN_QUOTED_INCLUDE_IN_FRAMEWORK_HEADER = YES;
				CLANG_WARN_RANGE_LOOP_ANALYSIS = YES;
				CLANG_WARN_STRICT_PROTOTYPES = YES;
				CLANG_WARN_SUSPICIOUS_MOVE = YES;
				CLANG_WARN_UNGUARDED_AVAILABILITY = YES_AGGRESSIVE;
				CLANG_WARN_UNREACHABLE_CODE = YES;
				CLANG_WARN__DUPLICATE_METHOD_MATCH = YES;
				COPY_PHASE_STRIP = NO;
				DEBUG_INFORMATION_FORMAT = dwarf;
				ENABLE_STRICT_OBJC_MSGSEND = YES;
				ENABLE_TESTABILITY = YES;
				GCC_C_LANGUAGE_STANDARD = gnu11;
				GCC_DYNAMIC_NO_PIC = NO;
				GCC_NO_COMMON_BLOCKS = YES;
				GCC_OPTIMIZATION_LEVEL = 0;
				GCC_PREPROCESSOR_DEFINITIONS = (
					"DEBUG=1",
					"$(inherited)",
				);
				GCC_WARN_64_TO_32_BIT_CONVERSION = YES;
				GCC_WARN_ABOUT_RETURN_TYPE = YES_ERROR;
				GCC_WARN_UNDECLARED_SELECTOR = YES;
				GCC_WARN_UNINITIALIZED_AUTOS = YES_AGGRESSIVE;
				GCC_WARN_UNUSED_FUNCTION = YES;
				GCC_WARN_UNUSED_VARIABLE = YES;
				IPHONEOS_DEPLOYMENT_TARGET = 14.5;
				MTL_ENABLE_DEBUG_INFO = INCLUDE_SOURCE;
				MTL_FAST_MATH = YES;
				ONLY_ACTIVE_ARCH = YES;
				SDKROOT = iphoneos;
				SWIFT_ACTIVE_COMPILATION_CONDITIONS = DEBUG;
				SWIFT_OPTIMIZATION_LEVEL = "-Onone";
			};
			name = Debug;
		};
		1795290D26784D6800F3A843 /* Release */ = {
			isa = XCBuildConfiguration;
			buildSettings = {
				ALWAYS_SEARCH_USER_PATHS = NO;
				CLANG_ANALYZER_NONNULL = YES;
				CLANG_ANALYZER_NUMBER_OBJECT_CONVERSION = YES_AGGRESSIVE;
				CLANG_CXX_LANGUAGE_STANDARD = "gnu++14";
				CLANG_CXX_LIBRARY = "libc++";
				CLANG_ENABLE_MODULES = YES;
				CLANG_ENABLE_OBJC_ARC = YES;
				CLANG_ENABLE_OBJC_WEAK = YES;
				CLANG_WARN_BLOCK_CAPTURE_AUTORELEASING = YES;
				CLANG_WARN_BOOL_CONVERSION = YES;
				CLANG_WARN_COMMA = YES;
				CLANG_WARN_CONSTANT_CONVERSION = YES;
				CLANG_WARN_DEPRECATED_OBJC_IMPLEMENTATIONS = YES;
				CLANG_WARN_DIRECT_OBJC_ISA_USAGE = YES_ERROR;
				CLANG_WARN_DOCUMENTATION_COMMENTS = YES;
				CLANG_WARN_EMPTY_BODY = YES;
				CLANG_WARN_ENUM_CONVERSION = YES;
				CLANG_WARN_INFINITE_RECURSION = YES;
				CLANG_WARN_INT_CONVERSION = YES;
				CLANG_WARN_NON_LITERAL_NULL_CONVERSION = YES;
				CLANG_WARN_OBJC_IMPLICIT_RETAIN_SELF = YES;
				CLANG_WARN_OBJC_LITERAL_CONVERSION = YES;
				CLANG_WARN_OBJC_ROOT_CLASS = YES_ERROR;
				CLANG_WARN_QUOTED_INCLUDE_IN_FRAMEWORK_HEADER = YES;
				CLANG_WARN_RANGE_LOOP_ANALYSIS = YES;
				CLANG_WARN_STRICT_PROTOTYPES = YES;
				CLANG_WARN_SUSPICIOUS_MOVE = YES;
				CLANG_WARN_UNGUARDED_AVAILABILITY = YES_AGGRESSIVE;
				CLANG_WARN_UNREACHABLE_CODE = YES;
				CLANG_WARN__DUPLICATE_METHOD_MATCH = YES;
				COPY_PHASE_STRIP = NO;
				DEBUG_INFORMATION_FORMAT = "dwarf-with-dsym";
				ENABLE_NS_ASSERTIONS = NO;
				ENABLE_STRICT_OBJC_MSGSEND = YES;
				GCC_C_LANGUAGE_STANDARD = gnu11;
				GCC_NO_COMMON_BLOCKS = YES;
				GCC_WARN_64_TO_32_BIT_CONVERSION = YES;
				GCC_WARN_ABOUT_RETURN_TYPE = YES_ERROR;
				GCC_WARN_UNDECLARED_SELECTOR = YES;
				GCC_WARN_UNINITIALIZED_AUTOS = YES_AGGRESSIVE;
				GCC_WARN_UNUSED_FUNCTION = YES;
				GCC_WARN_UNUSED_VARIABLE = YES;
				IPHONEOS_DEPLOYMENT_TARGET = 14.5;
				MTL_ENABLE_DEBUG_INFO = NO;
				MTL_FAST_MATH = YES;
				SDKROOT = iphoneos;
				SWIFT_COMPILATION_MODE = wholemodule;
				SWIFT_OPTIMIZATION_LEVEL = "-O";
				VALIDATE_PRODUCT = YES;
			};
			name = Release;
		};
		1795290F26784D6800F3A843 /* Debug */ = {
			isa = XCBuildConfiguration;
			buildSettings = {
				ASSETCATALOG_COMPILER_APPICON_NAME = AppIcon;
				ASSETCATALOG_COMPILER_GLOBAL_ACCENT_COLOR_NAME = AccentColor;
				CODE_SIGN_STYLE = Automatic;
				DEVELOPMENT_TEAM = ZA9S759H3C;
				INFOPLIST_FILE = MotionView/Info.plist;
				IPHONEOS_DEPLOYMENT_TARGET = 14.1;
				LD_RUNPATH_SEARCH_PATHS = (
					"$(inherited)",
					"@executable_path/Frameworks",
				);
				PRODUCT_BUNDLE_IDENTIFIER = Canoe.MotionView;
				PRODUCT_NAME = "$(TARGET_NAME)";
				SWIFT_VERSION = 5.0;
				TARGETED_DEVICE_FAMILY = "1,2";
			};
			name = Debug;
		};
		1795291026784D6800F3A843 /* Release */ = {
			isa = XCBuildConfiguration;
			buildSettings = {
				ASSETCATALOG_COMPILER_APPICON_NAME = AppIcon;
				ASSETCATALOG_COMPILER_GLOBAL_ACCENT_COLOR_NAME = AccentColor;
				CODE_SIGN_STYLE = Automatic;
				DEVELOPMENT_TEAM = ZA9S759H3C;
				INFOPLIST_FILE = MotionView/Info.plist;
				IPHONEOS_DEPLOYMENT_TARGET = 14.1;
				LD_RUNPATH_SEARCH_PATHS = (
					"$(inherited)",
					"@executable_path/Frameworks",
				);
				PRODUCT_BUNDLE_IDENTIFIER = Canoe.MotionView;
				PRODUCT_NAME = "$(TARGET_NAME)";
				SWIFT_VERSION = 5.0;
				TARGETED_DEVICE_FAMILY = "1,2";
			};
			name = Release;
		};
/* End XCBuildConfiguration section */

/* Begin XCConfigurationList section */
		179528F526784D6700F3A843 /* Build configuration list for PBXProject "MotionView" */ = {
			isa = XCConfigurationList;
			buildConfigurations = (
				1795290C26784D6800F3A843 /* Debug */,
				1795290D26784D6800F3A843 /* Release */,
			);
			defaultConfigurationIsVisible = 0;
			defaultConfigurationName = Release;
		};
		1795290E26784D6800F3A843 /* Build configuration list for PBXNativeTarget "MotionView" */ = {
			isa = XCConfigurationList;
			buildConfigurations = (
				1795290F26784D6800F3A843 /* Debug */,
				1795291026784D6800F3A843 /* Release */,
			);
			defaultConfigurationIsVisible = 0;
			defaultConfigurationName = Release;
		};
/* End XCConfigurationList section */
	};
	rootObject = 179528F226784D6700F3A843 /* Project object */;
}
